
Microsoft Visual Studio Solution File, Format Version 12.00
# Visual Studio Version 17
VisualStudioVersion = 17.3.32901.215
MinimumVisualStudioVersion = 10.0.40219.1
Project("{FAE04EC0-301F-11D3-BF4B-00C04F79EFBC}") = "Oefening1", "Oefening1\Oefening1.csproj", "{FD99E582-F25F-4002-AB55-EB35776821FF}"
EndProject
Global
	GlobalSection(SolutionConfigurationPlatforms) = preSolution
		Debug|Any CPU = Debug|Any CPU
		Release|Any CPU = Release|Any CPU
	EndGlobalSection
	GlobalSection(ProjectConfigurationPlatforms) = postSolution
		{FD99E582-F25F-4002-AB55-EB35776821FF}.Debug|Any CPU.ActiveCfg = Debug|Any CPU
		{FD99E582-F25F-4002-AB55-EB35776821FF}.Debug|Any CPU.Build.0 = Debug|Any CPU
		{FD99E582-F25F-4002-AB55-EB35776821FF}.Release|Any CPU.ActiveCfg = Release|Any CPU
		{FD99E582-F25F-4002-AB55-EB35776821FF}.Release|Any CPU.Build.0 = Release|Any CPU
	EndGlobalSection
	GlobalSection(SolutionProperties) = preSolution
		HideSolutionNode = FALSE
	EndGlobalSection
	GlobalSection(ExtensibilityGlobals) = postSolution
		SolutionGuid = {ADA36CA1-B022-42A9-AA6C-6E7B1324157F}
	EndGlobalSection
EndGlobal
